
Microsoft Visual Studio Solution File, Format Version 12.00
# Visual Studio Version 16
VisualStudioVersion = 16.0.29924.181
MinimumVisualStudioVersion = 10.0.40219.1
Project("{FAE04EC0-301F-11D3-BF4B-00C04F79EFBC}") = "CalcolatriceMatrici", "CalcolatriceMatrici\CalcolatriceMatrici.csproj", "{7A49DCC0-DA3B-4DAC-9CD4-F5169E0EE92D}"
EndProject
Global
	GlobalSection(SolutionConfigurationPlatforms) = preSolution
		Debug|Any CPU = Debug|Any CPU
		Release|Any CPU = Release|Any CPU
	EndGlobalSection
	GlobalSection(ProjectConfigurationPlatforms) = postSolution
		{7A49DCC0-DA3B-4DAC-9CD4-F5169E0EE92D}.Debug|Any CPU.ActiveCfg = Debug|Any CPU
		{7A49DCC0-DA3B-4DAC-9CD4-F5169E0EE92D}.Debug|Any CPU.Build.0 = Debug|Any CPU
		{7A49DCC0-DA3B-4DAC-9CD4-F5169E0EE92D}.Release|Any CPU.ActiveCfg = Release|Any CPU
		{7A49DCC0-DA3B-4DAC-9CD4-F5169E0EE92D}.Release|Any CPU.Build.0 = Release|Any CPU
	EndGlobalSection
	GlobalSection(SolutionProperties) = preSolution
		HideSolutionNode = FALSE
	EndGlobalSection
	GlobalSection(ExtensibilityGlobals) = postSolution
		SolutionGuid = {8A3D6BD4-4AF2-4CE5-84CB-8090C71D876B}
	EndGlobalSection
EndGlobal
